
Microsoft Visual Studio Solution File, Format Version 12.00
# Visual Studio 15
VisualStudioVersion = 15.0.27703.2026
MinimumVisualStudioVersion = 10.0.40219.1
Project("{9A19103F-16F7-4668-BE54-9A1E7A4F7556}") = "Woof.Data", "Woof.Data.csproj", "{B30DF13F-CF1F-4B2E-A9A1-378EF073ABEA}"
EndProject
Global
	GlobalSection(SolutionConfigurationPlatforms) = preSolution
		Debug|Any CPU = Debug|Any CPU
		Release|Any CPU = Release|Any CPU
	EndGlobalSection
	GlobalSection(ProjectConfigurationPlatforms) = postSolution
		{B30DF13F-CF1F-4B2E-A9A1-378EF073ABEA}.Debug|Any CPU.ActiveCfg = Debug|Any CPU
		{B30DF13F-CF1F-4B2E-A9A1-378EF073ABEA}.Debug|Any CPU.Build.0 = Debug|Any CPU
		{B30DF13F-CF1F-4B2E-A9A1-378EF073ABEA}.Release|Any CPU.ActiveCfg = Release|Any CPU
		{B30DF13F-CF1F-4B2E-A9A1-378EF073ABEA}.Release|Any CPU.Build.0 = Release|Any CPU
	EndGlobalSection
	GlobalSection(SolutionProperties) = preSolution
		HideSolutionNode = FALSE
	EndGlobalSection
	GlobalSection(ExtensibilityGlobals) = postSolution
		SolutionGuid = {1317869C-CE00-4DCC-B4A0-1B1DBBD59CB3}
	EndGlobalSection
EndGlobal
